%{
  "dialyxir": {:hex, :dialyxir, "1.2.0", "58344b3e87c2e7095304c81a9ae65cb68b613e28340690dfe1a5597fd08dec37", [:mix], [{:erlex, ">= 0.2.6", [hex: :erlex, repo: "hexpm", optional: false]}], "hexpm", "61072136427a851674cab81762be4dbeae7679f85b1272b6d25c3a839aff8463"},
  "erlex": {:hex, :erlex, "0.2.6", "c7987d15e899c7a2f34f5420d2a2ea0d659682c06ac607572df55a43753aa12e", [:mix], [], "hexpm", "2ed2e25711feb44d52b17d2780eabf998452f6efda104877a3881c2f8c0c0c75"},
  "flow": {:hex, :flow, "1.2.3", "1d9239be6a6ec8ef33f22200c8d8b3a756a28145476c7e096fbb3fda04e12f5c", [:mix], [{:gen_stage, "~> 1.0", [hex: :gen_stage, repo: "hexpm", optional: false]}], "hexpm", "77eeb976cb5152a1168290ce9015b8b2d41b70eb5265a36d7538a817237891d9"},
  "gen_stage": {:hex, :gen_stage, "1.2.0", "ee49244b57803f54bdab08a60a927e1b4e5bb5d635c52eca0f376a0673af3f8c", [:mix], [], "hexpm", "c3e40992c72e74d9c4eda16d7515bf32c9e7b634e827ab11091fff3290f7b503"},
}
